
Microsoft Visual Studio Solution File, Format Version 12.00
# Visual Studio 14
VisualStudioVersion = 14.0.25420.1
MinimumVisualStudioVersion = 10.0.40219.1
Project("{FAE04EC0-301F-11D3-BF4B-00C04F79EFBC}") = "HomeWork14", "HomeWork14\HomeWork14.csproj", "{C2969792-B6D7-40D9-9B9D-3E412D0C4EFF}"
EndProject
Project("{FAE04EC0-301F-11D3-BF4B-00C04F79EFBC}") = "Array", "Array\HomeWork6\Array.csproj", "{59E8B03B-FEE6-4038-B3B0-CCF5DEE34831}"
EndProject
Project("{FAE04EC0-301F-11D3-BF4B-00C04F79EFBC}") = "DynArray", "DynArray\DynArray.csproj", "{4C524D1D-65F8-41BD-9097-391232C1AA28}"
EndProject
Project("{FAE04EC0-301F-11D3-BF4B-00C04F79EFBC}") = "LinkedList", "LinkedList\Homework11_LinkedList\LinkedList.csproj", "{1C22348C-9EA5-4B22-B393-838C4A4B5878}"
EndProject
Global
	GlobalSection(SolutionConfigurationPlatforms) = preSolution
		Debug|Any CPU = Debug|Any CPU
		Release|Any CPU = Release|Any CPU
	EndGlobalSection
	GlobalSection(ProjectConfigurationPlatforms) = postSolution
		{C2969792-B6D7-40D9-9B9D-3E412D0C4EFF}.Debug|Any CPU.ActiveCfg = Debug|Any CPU
		{C2969792-B6D7-40D9-9B9D-3E412D0C4EFF}.Debug|Any CPU.Build.0 = Debug|Any CPU
		{C2969792-B6D7-40D9-9B9D-3E412D0C4EFF}.Release|Any CPU.ActiveCfg = Release|Any CPU
		{C2969792-B6D7-40D9-9B9D-3E412D0C4EFF}.Release|Any CPU.Build.0 = Release|Any CPU
		{59E8B03B-FEE6-4038-B3B0-CCF5DEE34831}.Debug|Any CPU.ActiveCfg = Debug|Any CPU
		{59E8B03B-FEE6-4038-B3B0-CCF5DEE34831}.Debug|Any CPU.Build.0 = Debug|Any CPU
		{59E8B03B-FEE6-4038-B3B0-CCF5DEE34831}.Release|Any CPU.ActiveCfg = Release|Any CPU
		{59E8B03B-FEE6-4038-B3B0-CCF5DEE34831}.Release|Any CPU.Build.0 = Release|Any CPU
		{4C524D1D-65F8-41BD-9097-391232C1AA28}.Debug|Any CPU.ActiveCfg = Debug|Any CPU
		{4C524D1D-65F8-41BD-9097-391232C1AA28}.Debug|Any CPU.Build.0 = Debug|Any CPU
		{4C524D1D-65F8-41BD-9097-391232C1AA28}.Release|Any CPU.ActiveCfg = Release|Any CPU
		{4C524D1D-65F8-41BD-9097-391232C1AA28}.Release|Any CPU.Build.0 = Release|Any CPU
		{1C22348C-9EA5-4B22-B393-838C4A4B5878}.Debug|Any CPU.ActiveCfg = Debug|Any CPU
		{1C22348C-9EA5-4B22-B393-838C4A4B5878}.Debug|Any CPU.Build.0 = Debug|Any CPU
		{1C22348C-9EA5-4B22-B393-838C4A4B5878}.Release|Any CPU.ActiveCfg = Release|Any CPU
		{1C22348C-9EA5-4B22-B393-838C4A4B5878}.Release|Any CPU.Build.0 = Release|Any CPU
	EndGlobalSection
	GlobalSection(SolutionProperties) = preSolution
		HideSolutionNode = FALSE
	EndGlobalSection
EndGlobal
